{
  "name": "vip-mu-plugins-pendo-lib",
  "version": "1.0.0",
  "lockfileVersion": 3,
  "requires": true,
  "packages": {
    "": {
      "name": "vip-mu-plugins-pendo-lib",
      "version": "1.0.0",
      "license": "ISC",
      "dependencies": {
        "@pendo/agent": "2.272.0"
      },
      "devDependencies": {}
    },
    "node_modules/@pendo/agent": {
      "version": "2.272.0",
      "dependencies": {
        "minimist": "^1.2.8"
      },
      "bin": {
        "pendo": "bin/cli.js"
      },
      "engines": {
        "node": ">=12"
      }
    },
    "node_modules/minimist": {
      "version": "1.2.8",
      "license": "MIT",
      "funding": {
        "url": "https://github.com/sponsors/ljharb"
      }
    }
  }
}
